
Microsoft Visual Studio Solution File, Format Version 12.00
# Visual Studio Version 16
VisualStudioVersion = 16.0.29806.167
MinimumVisualStudioVersion = 10.0.40219.1
Project("{8BC9CEB8-8B4A-11D0-8D11-00A0C91BC942}") = "MOGLGuidePrj", "MOGLGuidePrj\MOGLGuidePrj.vcxproj", "{2879A9DF-FEB2-4E3F-BC7B-261DAB15E39B}"
	ProjectSection(ProjectDependencies) = postProject
		{C32FB2B4-500C-43CD-A099-EECCE079D3F1} = {C32FB2B4-500C-43CD-A099-EECCE079D3F1}
	EndProjectSection
EndProject
Project("{8BC9CEB8-8B4A-11D0-8D11-00A0C91BC942}") = "SOIL", "Externals\SOIL\projects\VC9\SOIL.vcxproj", "{C32FB2B4-500C-43CD-A099-EECCE079D3F1}"
EndProject
Global
	GlobalSection(SolutionConfigurationPlatforms) = preSolution
		Debug|x64 = Debug|x64
		Debug|x86 = Debug|x86
		Release|x64 = Release|x64
		Release|x86 = Release|x86
	EndGlobalSection
	GlobalSection(ProjectConfigurationPlatforms) = postSolution
		{2879A9DF-FEB2-4E3F-BC7B-261DAB15E39B}.Debug|x64.ActiveCfg = Debug|x64
		{2879A9DF-FEB2-4E3F-BC7B-261DAB15E39B}.Debug|x64.Build.0 = Debug|x64
		{2879A9DF-FEB2-4E3F-BC7B-261DAB15E39B}.Debug|x86.ActiveCfg = Debug|Win32
		{2879A9DF-FEB2-4E3F-BC7B-261DAB15E39B}.Debug|x86.Build.0 = Debug|Win32
		{2879A9DF-FEB2-4E3F-BC7B-261DAB15E39B}.Release|x64.ActiveCfg = Release|x64
		{2879A9DF-FEB2-4E3F-BC7B-261DAB15E39B}.Release|x64.Build.0 = Release|x64
		{2879A9DF-FEB2-4E3F-BC7B-261DAB15E39B}.Release|x86.ActiveCfg = Release|Win32
		{2879A9DF-FEB2-4E3F-BC7B-261DAB15E39B}.Release|x86.Build.0 = Release|Win32
		{C32FB2B4-500C-43CD-A099-EECCE079D3F1}.Debug|x64.ActiveCfg = Debug|x64
		{C32FB2B4-500C-43CD-A099-EECCE079D3F1}.Debug|x64.Build.0 = Debug|x64
		{C32FB2B4-500C-43CD-A099-EECCE079D3F1}.Debug|x86.ActiveCfg = Debug|Win32
		{C32FB2B4-500C-43CD-A099-EECCE079D3F1}.Debug|x86.Build.0 = Debug|Win32
		{C32FB2B4-500C-43CD-A099-EECCE079D3F1}.Release|x64.ActiveCfg = Release|x64
		{C32FB2B4-500C-43CD-A099-EECCE079D3F1}.Release|x64.Build.0 = Release|x64
		{C32FB2B4-500C-43CD-A099-EECCE079D3F1}.Release|x86.ActiveCfg = Release|Win32
		{C32FB2B4-500C-43CD-A099-EECCE079D3F1}.Release|x86.Build.0 = Release|Win32
	EndGlobalSection
	GlobalSection(SolutionProperties) = preSolution
		HideSolutionNode = FALSE
	EndGlobalSection
	GlobalSection(ExtensibilityGlobals) = postSolution
		SolutionGuid = {16484CF0-5845-44F7-928E-98BFC830469A}
	EndGlobalSection
EndGlobal
